
Microsoft Visual Studio Solution File, Format Version 12.00
# Visual Studio 2013
VisualStudioVersion = 12.0.21005.1
MinimumVisualStudioVersion = 10.0.40219.1
Project("{FAE04EC0-301F-11D3-BF4B-00C04F79EFBC}") = "InternetStore.Domain", "InternetStore.domain\InternetStore.Domain.csproj", "{D4F19B68-AA65-480C-AA5A-707EDB306E10}"
EndProject
Project("{FAE04EC0-301F-11D3-BF4B-00C04F79EFBC}") = "InternetStore.WebUI", "InternetStore.WebUI\InternetStore.WebUI.csproj", "{D329885D-93A4-4CCA-8079-A74142EA066C}"
EndProject
Project("{FAE04EC0-301F-11D3-BF4B-00C04F79EFBC}") = "InternetStore.UnitTests", "InternetStore.UnitTests\InternetStore.UnitTests.csproj", "{26377542-2FB9-4219-9FD5-DE6D0CFBAB51}"
EndProject
Global
	GlobalSection(SolutionConfigurationPlatforms) = preSolution
		Debug|Any CPU = Debug|Any CPU
		Release|Any CPU = Release|Any CPU
	EndGlobalSection
	GlobalSection(ProjectConfigurationPlatforms) = postSolution
		{D4F19B68-AA65-480C-AA5A-707EDB306E10}.Debug|Any CPU.ActiveCfg = Debug|Any CPU
		{D4F19B68-AA65-480C-AA5A-707EDB306E10}.Debug|Any CPU.Build.0 = Debug|Any CPU
		{D4F19B68-AA65-480C-AA5A-707EDB306E10}.Release|Any CPU.ActiveCfg = Release|Any CPU
		{D4F19B68-AA65-480C-AA5A-707EDB306E10}.Release|Any CPU.Build.0 = Release|Any CPU
		{D329885D-93A4-4CCA-8079-A74142EA066C}.Debug|Any CPU.ActiveCfg = Debug|Any CPU
		{D329885D-93A4-4CCA-8079-A74142EA066C}.Debug|Any CPU.Build.0 = Debug|Any CPU
		{D329885D-93A4-4CCA-8079-A74142EA066C}.Release|Any CPU.ActiveCfg = Release|Any CPU
		{D329885D-93A4-4CCA-8079-A74142EA066C}.Release|Any CPU.Build.0 = Release|Any CPU
		{26377542-2FB9-4219-9FD5-DE6D0CFBAB51}.Debug|Any CPU.ActiveCfg = Debug|Any CPU
		{26377542-2FB9-4219-9FD5-DE6D0CFBAB51}.Debug|Any CPU.Build.0 = Debug|Any CPU
		{26377542-2FB9-4219-9FD5-DE6D0CFBAB51}.Release|Any CPU.ActiveCfg = Release|Any CPU
		{26377542-2FB9-4219-9FD5-DE6D0CFBAB51}.Release|Any CPU.Build.0 = Release|Any CPU
	EndGlobalSection
	GlobalSection(SolutionProperties) = preSolution
		HideSolutionNode = FALSE
	EndGlobalSection
EndGlobal
